
Microsoft Visual Studio Solution File, Format Version 12.00
# Visual Studio Version 16
VisualStudioVersion = 16.0.33801.447
MinimumVisualStudioVersion = 10.0.40219.1
Project("{FAE04EC0-301F-11D3-BF4B-00C04F79EFBC}") = "PW2Prova", "PW2Prova\PW2Prova.csproj", "{75E4B365-46DB-4011-AB2F-5CF7379C5020}"
EndProject
Global
	GlobalSection(SolutionConfigurationPlatforms) = preSolution
		Debug|Any CPU = Debug|Any CPU
		Release|Any CPU = Release|Any CPU
	EndGlobalSection
	GlobalSection(ProjectConfigurationPlatforms) = postSolution
		{75E4B365-46DB-4011-AB2F-5CF7379C5020}.Debug|Any CPU.ActiveCfg = Debug|Any CPU
		{75E4B365-46DB-4011-AB2F-5CF7379C5020}.Debug|Any CPU.Build.0 = Debug|Any CPU
		{75E4B365-46DB-4011-AB2F-5CF7379C5020}.Release|Any CPU.ActiveCfg = Release|Any CPU
		{75E4B365-46DB-4011-AB2F-5CF7379C5020}.Release|Any CPU.Build.0 = Release|Any CPU
	EndGlobalSection
	GlobalSection(SolutionProperties) = preSolution
		HideSolutionNode = FALSE
	EndGlobalSection
	GlobalSection(ExtensibilityGlobals) = postSolution
		SolutionGuid = {ABC0A13A-457F-4E64-8DC5-A12EAFE319B9}
	EndGlobalSection
EndGlobal
